
Microsoft Visual Studio Solution File, Format Version 12.00
# Visual Studio 14
VisualStudioVersion = 14.0.24720.0
MinimumVisualStudioVersion = 10.0.40219.1
Project("{FAE04EC0-301F-11D3-BF4B-00C04F79EFBC}") = "SimpleLogInSystem.Web", "SimpleLogInSystem.Web\SimpleLogInSystem.Web.csproj", "{A06C7A06-1568-4051-9944-FDD7606B268A}"
EndProject
Project("{FAE04EC0-301F-11D3-BF4B-00C04F79EFBC}") = "SimpleLogInSystem.Tests", "SimpleLogInSystem.Tests\SimpleLogInSystem.Tests.csproj", "{F4BC360E-CC83-4488-A890-CB0E6C6E01C1}"
EndProject
Project("{FAE04EC0-301F-11D3-BF4B-00C04F79EFBC}") = "SimpleLogInSystem.Core", "SimpleLogInSystem.Core\SimpleLogInSystem.Core.csproj", "{E953960C-F93A-4A02-9F24-6AF43F40B08D}"
EndProject
Global
	GlobalSection(SolutionConfigurationPlatforms) = preSolution
		Debug|Any CPU = Debug|Any CPU
		Release|Any CPU = Release|Any CPU
	EndGlobalSection
	GlobalSection(ProjectConfigurationPlatforms) = postSolution
		{A06C7A06-1568-4051-9944-FDD7606B268A}.Debug|Any CPU.ActiveCfg = Debug|Any CPU
		{A06C7A06-1568-4051-9944-FDD7606B268A}.Debug|Any CPU.Build.0 = Debug|Any CPU
		{A06C7A06-1568-4051-9944-FDD7606B268A}.Release|Any CPU.ActiveCfg = Release|Any CPU
		{A06C7A06-1568-4051-9944-FDD7606B268A}.Release|Any CPU.Build.0 = Release|Any CPU
		{F4BC360E-CC83-4488-A890-CB0E6C6E01C1}.Debug|Any CPU.ActiveCfg = Debug|Any CPU
		{F4BC360E-CC83-4488-A890-CB0E6C6E01C1}.Debug|Any CPU.Build.0 = Debug|Any CPU
		{F4BC360E-CC83-4488-A890-CB0E6C6E01C1}.Release|Any CPU.ActiveCfg = Release|Any CPU
		{F4BC360E-CC83-4488-A890-CB0E6C6E01C1}.Release|Any CPU.Build.0 = Release|Any CPU
		{E953960C-F93A-4A02-9F24-6AF43F40B08D}.Debug|Any CPU.ActiveCfg = Debug|Any CPU
		{E953960C-F93A-4A02-9F24-6AF43F40B08D}.Debug|Any CPU.Build.0 = Debug|Any CPU
		{E953960C-F93A-4A02-9F24-6AF43F40B08D}.Release|Any CPU.ActiveCfg = Release|Any CPU
		{E953960C-F93A-4A02-9F24-6AF43F40B08D}.Release|Any CPU.Build.0 = Release|Any CPU
	EndGlobalSection
	GlobalSection(SolutionProperties) = preSolution
		HideSolutionNode = FALSE
	EndGlobalSection
EndGlobal
